
Microsoft Visual Studio Solution File, Format Version 12.00
# Visual Studio 14
VisualStudioVersion = 14.0.25420.1
MinimumVisualStudioVersion = 10.0.40219.1
Project("{FAE04EC0-301F-11D3-BF4B-00C04F79EFBC}") = "ConsoleProject", "ConsoleProject\ConsoleProject.csproj", "{BF4FADB6-7E1B-42A1-B8D9-542A0584864E}"
EndProject
Project("{FAE04EC0-301F-11D3-BF4B-00C04F79EFBC}") = "ServiceProject", "ServiceProject\ServiceProject.csproj", "{CAA29837-9192-45F6-9FD7-EF001CB575A7}"
EndProject
Project("{FAE04EC0-301F-11D3-BF4B-00C04F79EFBC}") = "ProjectLibrary", "ProjectLibrary\ProjectLibrary.csproj", "{4951A2C7-EE19-46CE-B5F8-4C11A228AFB4}"
EndProject
Project("{FAE04EC0-301F-11D3-BF4B-00C04F79EFBC}") = "UnitTestProject", "UnitTestProject\UnitTestProject.csproj", "{674B50B5-DCA7-492F-96DB-86521A6A5872}"
EndProject
Global
	GlobalSection(SolutionConfigurationPlatforms) = preSolution
		Debug|Any CPU = Debug|Any CPU
		Release|Any CPU = Release|Any CPU
	EndGlobalSection
	GlobalSection(ProjectConfigurationPlatforms) = postSolution
		{BF4FADB6-7E1B-42A1-B8D9-542A0584864E}.Debug|Any CPU.ActiveCfg = Debug|Any CPU
		{BF4FADB6-7E1B-42A1-B8D9-542A0584864E}.Debug|Any CPU.Build.0 = Debug|Any CPU
		{BF4FADB6-7E1B-42A1-B8D9-542A0584864E}.Release|Any CPU.ActiveCfg = Release|Any CPU
		{BF4FADB6-7E1B-42A1-B8D9-542A0584864E}.Release|Any CPU.Build.0 = Release|Any CPU
		{CAA29837-9192-45F6-9FD7-EF001CB575A7}.Debug|Any CPU.ActiveCfg = Debug|Any CPU
		{CAA29837-9192-45F6-9FD7-EF001CB575A7}.Debug|Any CPU.Build.0 = Debug|Any CPU
		{CAA29837-9192-45F6-9FD7-EF001CB575A7}.Release|Any CPU.ActiveCfg = Release|Any CPU
		{CAA29837-9192-45F6-9FD7-EF001CB575A7}.Release|Any CPU.Build.0 = Release|Any CPU
		{4951A2C7-EE19-46CE-B5F8-4C11A228AFB4}.Debug|Any CPU.ActiveCfg = Debug|Any CPU
		{4951A2C7-EE19-46CE-B5F8-4C11A228AFB4}.Debug|Any CPU.Build.0 = Debug|Any CPU
		{4951A2C7-EE19-46CE-B5F8-4C11A228AFB4}.Release|Any CPU.ActiveCfg = Release|Any CPU
		{4951A2C7-EE19-46CE-B5F8-4C11A228AFB4}.Release|Any CPU.Build.0 = Release|Any CPU
		{674B50B5-DCA7-492F-96DB-86521A6A5872}.Debug|Any CPU.ActiveCfg = Debug|Any CPU
		{674B50B5-DCA7-492F-96DB-86521A6A5872}.Debug|Any CPU.Build.0 = Debug|Any CPU
		{674B50B5-DCA7-492F-96DB-86521A6A5872}.Release|Any CPU.ActiveCfg = Release|Any CPU
		{674B50B5-DCA7-492F-96DB-86521A6A5872}.Release|Any CPU.Build.0 = Release|Any CPU
	EndGlobalSection
	GlobalSection(SolutionProperties) = preSolution
		HideSolutionNode = FALSE
	EndGlobalSection
EndGlobal
